
Microsoft Visual Studio Solution File, Format Version 12.00
# Visual Studio Version 17
VisualStudioVersion = 17.4.33103.184
MinimumVisualStudioVersion = 10.0.40219.1
Project("{FAE04EC0-301F-11D3-BF4B-00C04F79EFBC}") = "DoAnPhanMem", "DoAnPhanMem.csproj", "{13219BC5-DAA1-47BB-AF62-64F0CE195681}"
EndProject
Global
	GlobalSection(SolutionConfigurationPlatforms) = preSolution
		Debug|Any CPU = Debug|Any CPU
		Release|Any CPU = Release|Any CPU
	EndGlobalSection
	GlobalSection(ProjectConfigurationPlatforms) = postSolution
		{13219BC5-DAA1-47BB-AF62-64F0CE195681}.Debug|Any CPU.ActiveCfg = Debug|Any CPU
		{13219BC5-DAA1-47BB-AF62-64F0CE195681}.Debug|Any CPU.Build.0 = Debug|Any CPU
		{13219BC5-DAA1-47BB-AF62-64F0CE195681}.Release|Any CPU.ActiveCfg = Release|Any CPU
		{13219BC5-DAA1-47BB-AF62-64F0CE195681}.Release|Any CPU.Build.0 = Release|Any CPU
	EndGlobalSection
	GlobalSection(SolutionProperties) = preSolution
		HideSolutionNode = FALSE
	EndGlobalSection
	GlobalSection(ExtensibilityGlobals) = postSolution
		SolutionGuid = {65F0E9F1-00CE-45BD-995C-3D8814E1BC4A}
	EndGlobalSection
EndGlobal
